
Microsoft Visual Studio Solution File, Format Version 12.00
# Visual Studio Version 16
VisualStudioVersion = 16.0.29418.71
MinimumVisualStudioVersion = 10.0.40219.1
Project("{FAE04EC0-301F-11D3-BF4B-00C04F79EFBC}") = "API_REST", "API_REST.csproj", "{EC310865-E1E8-4C6C-8293-617569E73EF9}"
EndProject
Global
	GlobalSection(SolutionConfigurationPlatforms) = preSolution
		Debug|Any CPU = Debug|Any CPU
		Release|Any CPU = Release|Any CPU
	EndGlobalSection
	GlobalSection(ProjectConfigurationPlatforms) = postSolution
		{EC310865-E1E8-4C6C-8293-617569E73EF9}.Debug|Any CPU.ActiveCfg = Debug|Any CPU
		{EC310865-E1E8-4C6C-8293-617569E73EF9}.Debug|Any CPU.Build.0 = Debug|Any CPU
		{EC310865-E1E8-4C6C-8293-617569E73EF9}.Release|Any CPU.ActiveCfg = Release|Any CPU
		{EC310865-E1E8-4C6C-8293-617569E73EF9}.Release|Any CPU.Build.0 = Release|Any CPU
	EndGlobalSection
	GlobalSection(SolutionProperties) = preSolution
		HideSolutionNode = FALSE
	EndGlobalSection
	GlobalSection(ExtensibilityGlobals) = postSolution
		SolutionGuid = {D68B4B56-EC8A-4A6C-8DE4-2A776422A120}
	EndGlobalSection
EndGlobal
